// !$*UTF8*$!
{
	archiveVersion = 1;
	classes = {
	};
	objectVersion = 55;
	objects = {

/* Begin PBXBuildFile section */
		17105F2F3EC0567CC7F120E7 /* Pods_Visual_Money_Distribution.framework in Frameworks */ = {isa = PBXBuildFile; fileRef = D04F8D23A682DF1F8E66C040 /* Pods_Visual_Money_Distribution.framework */; };
		5E12818F280C47D400BE98CD /* AppDelegate.swift in Sources */ = {isa = PBXBuildFile; fileRef = 5E12818E280C47D400BE98CD /* AppDelegate.swift */; };
		5E128191280C47D400BE98CD /* SceneDelegate.swift in Sources */ = {isa = PBXBuildFile; fileRef = 5E128190280C47D400BE98CD /* SceneDelegate.swift */; };
		5E128193280C47D400BE98CD /* ViewController.swift in Sources */ = {isa = PBXBuildFile; fileRef = 5E128192280C47D400BE98CD /* ViewController.swift */; };
		5E128196280C47D400BE98CD /* Main.storyboard in Resources */ = {isa = PBXBuildFile; fileRef = 5E128194280C47D400BE98CD /* Main.storyboard */; };
		5E128198280C47D500BE98CD /* Assets.xcassets in Resources */ = {isa = PBXBuildFile; fileRef = 5E128197280C47D500BE98CD /* Assets.xcassets */; };
		5E12819B280C47D500BE98CD /* LaunchScreen.storyboard in Resources */ = {isa = PBXBuildFile; fileRef = 5E128199280C47D500BE98CD /* LaunchScreen.storyboard */; };
		5E1281A3280C59A300BE98CD /* GraphViewController.swift in Sources */ = {isa = PBXBuildFile; fileRef = 5E1281A2280C59A300BE98CD /* GraphViewController.swift */; };
		5E135431280F2A210030A494 /* OldGraphViewController.swift in Sources */ = {isa = PBXBuildFile; fileRef = 5E135430280F2A210030A494 /* OldGraphViewController.swift */; };
		5E1354352810318A0030A494 /* SavedGraphCell.swift in Sources */ = {isa = PBXBuildFile; fileRef = 5E1354332810318A0030A494 /* SavedGraphCell.swift */; };
		5E1354362810318A0030A494 /* SavedGraphCell.xib in Resources */ = {isa = PBXBuildFile; fileRef = 5E1354342810318A0030A494 /* SavedGraphCell.xib */; };
		5EB8D73528108186007503DD /* Brain.swift in Sources */ = {isa = PBXBuildFile; fileRef = 5EB8D73428108186007503DD /* Brain.swift */; };
		5EF44DD3280F0C82002C89C9 /* GraphModel.swift in Sources */ = {isa = PBXBuildFile; fileRef = 5EF44DD2280F0C82002C89C9 /* GraphModel.swift */; };
		5EF44DD7280F0E01002C89C9 /* SavedGraphsViewController.swift in Sources */ = {isa = PBXBuildFile; fileRef = 5EF44DD6280F0E01002C89C9 /* SavedGraphsViewController.swift */; };
/* End PBXBuildFile section */

/* Begin PBXFileReference section */
		427A4CE79529FEF00CE64206 /* Pods-Visual_Money_Distribution.debug.xcconfig */ = {isa = PBXFileReference; includeInIndex = 1; lastKnownFileType = text.xcconfig; name = "Pods-Visual_Money_Distribution.debug.xcconfig"; path = "Target Support Files/Pods-Visual_Money_Distribution/Pods-Visual_Money_Distribution.debug.xcconfig"; sourceTree = "<group>"; };
		5E12818B280C47D400BE98CD /* Visual_Money_Distribution.app */ = {isa = PBXFileReference; explicitFileType = wrapper.application; includeInIndex = 0; path = Visual_Money_Distribution.app; sourceTree = BUILT_PRODUCTS_DIR; };
		5E12818E280C47D400BE98CD /* AppDelegate.swift */ = {isa = PBXFileReference; lastKnownFileType = sourcecode.swift; path = AppDelegate.swift; sourceTree = "<group>"; };
		5E128190280C47D400BE98CD /* SceneDelegate.swift */ = {isa = PBXFileReference; lastKnownFileType = sourcecode.swift; path = SceneDelegate.swift; sourceTree = "<group>"; };
		5E128192280C47D400BE98CD /* ViewController.swift */ = {isa = PBXFileReference; lastKnownFileType = sourcecode.swift; path = ViewController.swift; sourceTree = "<group>"; };
		5E128195280C47D400BE98CD /* Base */ = {isa = PBXFileReference; lastKnownFileType = file.storyboard; name = Base; path = Base.lproj/Main.storyboard; sourceTree = "<group>"; };
		5E128197280C47D500BE98CD /* Assets.xcassets */ = {isa = PBXFileReference; lastKnownFileType = folder.assetcatalog; path = Assets.xcassets; sourceTree = "<group>"; };
		5E12819A280C47D500BE98CD /* Base */ = {isa = PBXFileReference; lastKnownFileType = file.storyboard; name = Base; path = Base.lproj/LaunchScreen.storyboard; sourceTree = "<group>"; };
		5E12819C280C47D500BE98CD /* Info.plist */ = {isa = PBXFileReference; lastKnownFileType = text.plist.xml; path = Info.plist; sourceTree = "<group>"; };
		5E1281A2280C59A300BE98CD /* GraphViewController.swift */ = {isa = PBXFileReference; lastKnownFileType = sourcecode.swift; path = GraphViewController.swift; sourceTree = "<group>"; };
		5E135430280F2A210030A494 /* OldGraphViewController.swift */ = {isa = PBXFileReference; lastKnownFileType = sourcecode.swift; path = OldGraphViewController.swift; sourceTree = "<group>"; };
		5E1354332810318A0030A494 /* SavedGraphCell.swift */ = {isa = PBXFileReference; lastKnownFileType = sourcecode.swift; path = SavedGraphCell.swift; sourceTree = "<group>"; };
		5E1354342810318A0030A494 /* SavedGraphCell.xib */ = {isa = PBXFileReference; lastKnownFileType = file.xib; path = SavedGraphCell.xib; sourceTree = "<group>"; };
		5EB8D73428108186007503DD /* Brain.swift */ = {isa = PBXFileReference; lastKnownFileType = sourcecode.swift; path = Brain.swift; sourceTree = "<group>"; };
		5EF44DD2280F0C82002C89C9 /* GraphModel.swift */ = {isa = PBXFileReference; lastKnownFileType = sourcecode.swift; path = GraphModel.swift; sourceTree = "<group>"; };
		5EF44DD6280F0E01002C89C9 /* SavedGraphsViewController.swift */ = {isa = PBXFileReference; lastKnownFileType = sourcecode.swift; path = SavedGraphsViewController.swift; sourceTree = "<group>"; };
		A68B21173E57C523BC1DAE00 /* Pods-Visual_Money_Distribution.release.xcconfig */ = {isa = PBXFileReference; includeInIndex = 1; lastKnownFileType = text.xcconfig; name = "Pods-Visual_Money_Distribution.release.xcconfig"; path = "Target Support Files/Pods-Visual_Money_Distribution/Pods-Visual_Money_Distribution.release.xcconfig"; sourceTree = "<group>"; };
		D04F8D23A682DF1F8E66C040 /* Pods_Visual_Money_Distribution.framework */ = {isa = PBXFileReference; explicitFileType = wrapper.framework; includeInIndex = 0; path = Pods_Visual_Money_Distribution.framework; sourceTree = BUILT_PRODUCTS_DIR; };
/* End PBXFileReference section */

/* Begin PBXFrameworksBuildPhase section */
		5E128188280C47D400BE98CD /* Frameworks */ = {
			isa = PBXFrameworksBuildPhase;
			buildActionMask = 2147483647;
			files = (
				17105F2F3EC0567CC7F120E7 /* Pods_Visual_Money_Distribution.framework in Frameworks */,
			);
			runOnlyForDeploymentPostprocessing = 0;
		};
/* End PBXFrameworksBuildPhase section */

/* Begin PBXGroup section */
		332BD62FEB045A0B4449E06C /* Pods */ = {
			isa = PBXGroup;
			children = (
				427A4CE79529FEF00CE64206 /* Pods-Visual_Money_Distribution.debug.xcconfig */,
				A68B21173E57C523BC1DAE00 /* Pods-Visual_Money_Distribution.release.xcconfig */,
			);
			path = Pods;
			sourceTree = "<group>";
		};
		5E128182280C47D400BE98CD = {
			isa = PBXGroup;
			children = (
				5E12818D280C47D400BE98CD /* Visual_Money_Distribution */,
				5E12818C280C47D400BE98CD /* Products */,
				332BD62FEB045A0B4449E06C /* Pods */,
				984AF7728B5906C01077FA3A /* Frameworks */,
			);
			sourceTree = "<group>";
		};
		5E12818C280C47D400BE98CD /* Products */ = {
			isa = PBXGroup;
			children = (
				5E12818B280C47D400BE98CD /* Visual_Money_Distribution.app */,
			);
			name = Products;
			sourceTree = "<group>";
		};
		5E12818D280C47D400BE98CD /* Visual_Money_Distribution */ = {
			isa = PBXGroup;
			children = (
				5E12818E280C47D400BE98CD /* AppDelegate.swift */,
				5E128190280C47D400BE98CD /* SceneDelegate.swift */,
				5EF44DD4280F0CE6002C89C9 /* Model */,
				5E135432281031720030A494 /* View */,
				5EF44DD5280F0CED002C89C9 /* Controller */,
				5E128197280C47D500BE98CD /* Assets.xcassets */,
				5E128199280C47D500BE98CD /* LaunchScreen.storyboard */,
				5E12819C280C47D500BE98CD /* Info.plist */,
			);
			path = Visual_Money_Distribution;
			sourceTree = "<group>";
		};
		5E135432281031720030A494 /* View */ = {
			isa = PBXGroup;
			children = (
				5E128194280C47D400BE98CD /* Main.storyboard */,
				5E1354332810318A0030A494 /* SavedGraphCell.swift */,
				5E1354342810318A0030A494 /* SavedGraphCell.xib */,
			);
			path = View;
			sourceTree = "<group>";
		};
		5EF44DD4280F0CE6002C89C9 /* Model */ = {
			isa = PBXGroup;
			children = (
				5EF44DD2280F0C82002C89C9 /* GraphModel.swift */,
				5EB8D73428108186007503DD /* Brain.swift */,
			);
			path = Model;
			sourceTree = "<group>";
		};
		5EF44DD5280F0CED002C89C9 /* Controller */ = {
			isa = PBXGroup;
			children = (
				5E1281A2280C59A300BE98CD /* GraphViewController.swift */,
				5E128192280C47D400BE98CD /* ViewController.swift */,
				5EF44DD6280F0E01002C89C9 /* SavedGraphsViewController.swift */,
				5E135430280F2A210030A494 /* OldGraphViewController.swift */,
			);
			path = Controller;
			sourceTree = "<group>";
		};
		984AF7728B5906C01077FA3A /* Frameworks */ = {
			isa = PBXGroup;
			children = (
				D04F8D23A682DF1F8E66C040 /* Pods_Visual_Money_Distribution.framework */,
			);
			name = Frameworks;
			sourceTree = "<group>";
		};
/* End PBXGroup section */

/* Begin PBXNativeTarget section */
		5E12818A280C47D400BE98CD /* Visual_Money_Distribution */ = {
			isa = PBXNativeTarget;
			buildConfigurationList = 5E12819F280C47D500BE98CD /* Build configuration list for PBXNativeTarget "Visual_Money_Distribution" */;
			buildPhases = (
				76DCCB7E7FCE60436908C743 /* [CP] Check Pods Manifest.lock */,
				5E128187280C47D400BE98CD /* Sources */,
				5E128188280C47D400BE98CD /* Frameworks */,
				5E128189280C47D400BE98CD /* Resources */,
				9CDA68D96045938F9F51D073 /* [CP] Embed Pods Frameworks */,
			);
			buildRules = (
			);
			dependencies = (
			);
			name = Visual_Money_Distribution;
			productName = Visual_Money_Distribution;
			productReference = 5E12818B280C47D400BE98CD /* Visual_Money_Distribution.app */;
			productType = "com.apple.product-type.application";
		};
/* End PBXNativeTarget section */

/* Begin PBXProject section */
		5E128183280C47D400BE98CD /* Project object */ = {
			isa = PBXProject;
			attributes = {
				BuildIndependentTargetsInParallel = 1;
				LastSwiftUpdateCheck = 1330;
				LastUpgradeCheck = 1330;
				TargetAttributes = {
					5E12818A280C47D400BE98CD = {
						CreatedOnToolsVersion = 13.3;
					};
				};
			};
			buildConfigurationList = 5E128186280C47D400BE98CD /* Build configuration list for PBXProject "Visual_Money_Distribution" */;
			compatibilityVersion = "Xcode 13.0";
			developmentRegion = en;
			hasScannedForEncodings = 0;
			knownRegions = (
				en,
				Base,
			);
			mainGroup = 5E128182280C47D400BE98CD;
			productRefGroup = 5E12818C280C47D400BE98CD /* Products */;
			projectDirPath = "";
			projectRoot = "";
			targets = (
				5E12818A280C47D400BE98CD /* Visual_Money_Distribution */,
			);
		};
/* End PBXProject section */

/* Begin PBXResourcesBuildPhase section */
		5E128189280C47D400BE98CD /* Resources */ = {
			isa = PBXResourcesBuildPhase;
			buildActionMask = 2147483647;
			files = (
				5E12819B280C47D500BE98CD /* LaunchScreen.storyboard in Resources */,
				5E1354362810318A0030A494 /* SavedGraphCell.xib in Resources */,
				5E128198280C47D500BE98CD /* Assets.xcassets in Resources */,
				5E128196280C47D400BE98CD /* Main.storyboard in Resources */,
			);
			runOnlyForDeploymentPostprocessing = 0;
		};
/* End PBXResourcesBuildPhase section */

/* Begin PBXShellScriptBuildPhase section */
		76DCCB7E7FCE60436908C743 /* [CP] Check Pods Manifest.lock */ = {
			isa = PBXShellScriptBuildPhase;
			buildActionMask = 2147483647;
			files = (
			);
			inputFileListPaths = (
			);
			inputPaths = (
				"${PODS_PODFILE_DIR_PATH}/Podfile.lock",
				"${PODS_ROOT}/Manifest.lock",
			);
			name = "[CP] Check Pods Manifest.lock";
			outputFileListPaths = (
			);
			outputPaths = (
				"$(DERIVED_FILE_DIR)/Pods-Visual_Money_Distribution-checkManifestLockResult.txt",
			);
			runOnlyForDeploymentPostprocessing = 0;
			shellPath = /bin/sh;
			shellScript = "diff \"${PODS_PODFILE_DIR_PATH}/Podfile.lock\" \"${PODS_ROOT}/Manifest.lock\" > /dev/null\nif [ $? != 0 ] ; then\n    # print error to STDERR\n    echo \"error: The sandbox is not in sync with the Podfile.lock. Run 'pod install' or update your CocoaPods installation.\" >&2\n    exit 1\nfi\n# This output is used by Xcode 'outputs' to avoid re-running this script phase.\necho \"SUCCESS\" > \"${SCRIPT_OUTPUT_FILE_0}\"\n";
			showEnvVarsInLog = 0;
		};
		9CDA68D96045938F9F51D073 /* [CP] Embed Pods Frameworks */ = {
			isa = PBXShellScriptBuildPhase;
			buildActionMask = 2147483647;
			files = (
			);
			inputFileListPaths = (
				"${PODS_ROOT}/Target Support Files/Pods-Visual_Money_Distribution/Pods-Visual_Money_Distribution-frameworks-${CONFIGURATION}-input-files.xcfilelist",
			);
			name = "[CP] Embed Pods Frameworks";
			outputFileListPaths = (
				"${PODS_ROOT}/Target Support Files/Pods-Visual_Money_Distribution/Pods-Visual_Money_Distribution-frameworks-${CONFIGURATION}-output-files.xcfilelist",
			);
			runOnlyForDeploymentPostprocessing = 0;
			shellPath = /bin/sh;
			shellScript = "\"${PODS_ROOT}/Target Support Files/Pods-Visual_Money_Distribution/Pods-Visual_Money_Distribution-frameworks.sh\"\n";
			showEnvVarsInLog = 0;
		};
/* End PBXShellScriptBuildPhase section */

/* Begin PBXSourcesBuildPhase section */
		5E128187280C47D400BE98CD /* Sources */ = {
			isa = PBXSourcesBuildPhase;
			buildActionMask = 2147483647;
			files = (
				5E128193280C47D400BE98CD /* ViewController.swift in Sources */,
				5E1354352810318A0030A494 /* SavedGraphCell.swift in Sources */,
				5E1281A3280C59A300BE98CD /* GraphViewController.swift in Sources */,
				5E12818F280C47D400BE98CD /* AppDelegate.swift in Sources */,
				5E128191280C47D400BE98CD /* SceneDelegate.swift in Sources */,
				5E135431280F2A210030A494 /* OldGraphViewController.swift in Sources */,
				5EF44DD7280F0E01002C89C9 /* SavedGraphsViewController.swift in Sources */,
				5EB8D73528108186007503DD /* Brain.swift in Sources */,
				5EF44DD3280F0C82002C89C9 /* GraphModel.swift in Sources */,
			);
			runOnlyForDeploymentPostprocessing = 0;
		};
/* End PBXSourcesBuildPhase section */

/* Begin PBXVariantGroup section */
		5E128194280C47D400BE98CD /* Main.storyboard */ = {
			isa = PBXVariantGroup;
			children = (
				5E128195280C47D400BE98CD /* Base */,
			);
			name = Main.storyboard;
			sourceTree = "<group>";
		};
		5E128199280C47D500BE98CD /* LaunchScreen.storyboard */ = {
			isa = PBXVariantGroup;
			children = (
				5E12819A280C47D500BE98CD /* Base */,
			);
			name = LaunchScreen.storyboard;
			sourceTree = "<group>";
		};
/* End PBXVariantGroup section */

/* Begin XCBuildConfiguration section */
		5E12819D280C47D500BE98CD /* Debug */ = {
			isa = XCBuildConfiguration;
			buildSettings = {
				ALWAYS_SEARCH_USER_PATHS = NO;
				CLANG_ANALYZER_NONNULL = YES;
				CLANG_ANALYZER_NUMBER_OBJECT_CONVERSION = YES_AGGRESSIVE;
				CLANG_CXX_LANGUAGE_STANDARD = "gnu++17";
				CLANG_ENABLE_MODULES = YES;
				CLANG_ENABLE_OBJC_ARC = YES;
				CLANG_ENABLE_OBJC_WEAK = YES;
				CLANG_WARN_BLOCK_CAPTURE_AUTORELEASING = YES;
				CLANG_WARN_BOOL_CONVERSION = YES;
				CLANG_WARN_COMMA = YES;
				CLANG_WARN_CONSTANT_CONVERSION = YES;
				CLANG_WARN_DEPRECATED_OBJC_IMPLEMENTATIONS = YES;
				CLANG_WARN_DIRECT_OBJC_ISA_USAGE = YES_ERROR;
				CLANG_WARN_DOCUMENTATION_COMMENTS = YES;
				CLANG_WARN_EMPTY_BODY = YES;
				CLANG_WARN_ENUM_CONVERSION = YES;
				CLANG_WARN_INFINITE_RECURSION = YES;
				CLANG_WARN_INT_CONVERSION = YES;
				CLANG_WARN_NON_LITERAL_NULL_CONVERSION = YES;
				CLANG_WARN_OBJC_IMPLICIT_RETAIN_SELF = YES;
				CLANG_WARN_OBJC_LITERAL_CONVERSION = YES;
				CLANG_WARN_OBJC_ROOT_CLASS = YES_ERROR;
				CLANG_WARN_QUOTED_INCLUDE_IN_FRAMEWORK_HEADER = YES;
				CLANG_WARN_RANGE_LOOP_ANALYSIS = YES;
				CLANG_WARN_STRICT_PROTOTYPES = YES;
				CLANG_WARN_SUSPICIOUS_MOVE = YES;
				CLANG_WARN_UNGUARDED_AVAILABILITY = YES_AGGRESSIVE;
				CLANG_WARN_UNREACHABLE_CODE = YES;
				CLANG_WARN__DUPLICATE_METHOD_MATCH = YES;
				COPY_PHASE_STRIP = NO;
				DEBUG_INFORMATION_FORMAT = dwarf;
				ENABLE_STRICT_OBJC_MSGSEND = YES;
				ENABLE_TESTABILITY = YES;
				GCC_C_LANGUAGE_STANDARD = gnu11;
				GCC_DYNAMIC_NO_PIC = NO;
				GCC_NO_COMMON_BLOCKS = YES;
				GCC_OPTIMIZATION_LEVEL = 0;
				GCC_PREPROCESSOR_DEFINITIONS = (
					"DEBUG=1",
					"$(inherited)",
				);
				GCC_WARN_64_TO_32_BIT_CONVERSION = YES;
				GCC_WARN_ABOUT_RETURN_TYPE = YES_ERROR;
				GCC_WARN_UNDECLARED_SELECTOR = YES;
				GCC_WARN_UNINITIALIZED_AUTOS = YES_AGGRESSIVE;
				GCC_WARN_UNUSED_FUNCTION = YES;
				GCC_WARN_UNUSED_VARIABLE = YES;
				IPHONEOS_DEPLOYMENT_TARGET = 15.4;
				MTL_ENABLE_DEBUG_INFO = INCLUDE_SOURCE;
				MTL_FAST_MATH = YES;
				ONLY_ACTIVE_ARCH = YES;
				SDKROOT = iphoneos;
				SWIFT_ACTIVE_COMPILATION_CONDITIONS = DEBUG;
				SWIFT_OPTIMIZATION_LEVEL = "-Onone";
			};
			name = Debug;
		};
		5E12819E280C47D500BE98CD /* Release */ = {
			isa = XCBuildConfiguration;
			buildSettings = {
				ALWAYS_SEARCH_USER_PATHS = NO;
				CLANG_ANALYZER_NONNULL = YES;
				CLANG_ANALYZER_NUMBER_OBJECT_CONVERSION = YES_AGGRESSIVE;
				CLANG_CXX_LANGUAGE_STANDARD = "gnu++17";
				CLANG_ENABLE_MODULES = YES;
				CLANG_ENABLE_OBJC_ARC = YES;
				CLANG_ENABLE_OBJC_WEAK = YES;
				CLANG_WARN_BLOCK_CAPTURE_AUTORELEASING = YES;
				CLANG_WARN_BOOL_CONVERSION = YES;
				CLANG_WARN_COMMA = YES;
				CLANG_WARN_CONSTANT_CONVERSION = YES;
				CLANG_WARN_DEPRECATED_OBJC_IMPLEMENTATIONS = YES;
				CLANG_WARN_DIRECT_OBJC_ISA_USAGE = YES_ERROR;
				CLANG_WARN_DOCUMENTATION_COMMENTS = YES;
				CLANG_WARN_EMPTY_BODY = YES;
				CLANG_WARN_ENUM_CONVERSION = YES;
				CLANG_WARN_INFINITE_RECURSION = YES;
				CLANG_WARN_INT_CONVERSION = YES;
				CLANG_WARN_NON_LITERAL_NULL_CONVERSION = YES;
				CLANG_WARN_OBJC_IMPLICIT_RETAIN_SELF = YES;
				CLANG_WARN_OBJC_LITERAL_CONVERSION = YES;
				CLANG_WARN_OBJC_ROOT_CLASS = YES_ERROR;
				CLANG_WARN_QUOTED_INCLUDE_IN_FRAMEWORK_HEADER = YES;
				CLANG_WARN_RANGE_LOOP_ANALYSIS = YES;
				CLANG_WARN_STRICT_PROTOTYPES = YES;
				CLANG_WARN_SUSPICIOUS_MOVE = YES;
				CLANG_WARN_UNGUARDED_AVAILABILITY = YES_AGGRESSIVE;
				CLANG_WARN_UNREACHABLE_CODE = YES;
				CLANG_WARN__DUPLICATE_METHOD_MATCH = YES;
				COPY_PHASE_STRIP = NO;
				DEBUG_INFORMATION_FORMAT = "dwarf-with-dsym";
				ENABLE_NS_ASSERTIONS = NO;
				ENABLE_STRICT_OBJC_MSGSEND = YES;
				GCC_C_LANGUAGE_STANDARD = gnu11;
				GCC_NO_COMMON_BLOCKS = YES;
				GCC_WARN_64_TO_32_BIT_CONVERSION = YES;
				GCC_WARN_ABOUT_RETURN_TYPE = YES_ERROR;
				GCC_WARN_UNDECLARED_SELECTOR = YES;
				GCC_WARN_UNINITIALIZED_AUTOS = YES_AGGRESSIVE;
				GCC_WARN_UNUSED_FUNCTION = YES;
				GCC_WARN_UNUSED_VARIABLE = YES;
				IPHONEOS_DEPLOYMENT_TARGET = 15.4;
				MTL_ENABLE_DEBUG_INFO = NO;
				MTL_FAST_MATH = YES;
				SDKROOT = iphoneos;
				SWIFT_COMPILATION_MODE = wholemodule;
				SWIFT_OPTIMIZATION_LEVEL = "-O";
				VALIDATE_PRODUCT = YES;
			};
			name = Release;
		};
		5E1281A0280C47D500BE98CD /* Debug */ = {
			isa = XCBuildConfiguration;
			baseConfigurationReference = 427A4CE79529FEF00CE64206 /* Pods-Visual_Money_Distribution.debug.xcconfig */;
			buildSettings = {
				ASSETCATALOG_COMPILER_APPICON_NAME = AppIcon;
				ASSETCATALOG_COMPILER_GLOBAL_ACCENT_COLOR_NAME = AccentColor;
				CODE_SIGN_STYLE = Automatic;
				CURRENT_PROJECT_VERSION = 1;
				DEVELOPMENT_TEAM = JZJ4B737B6;
				GENERATE_INFOPLIST_FILE = YES;
				INFOPLIST_FILE = Visual_Money_Distribution/Info.plist;
				INFOPLIST_KEY_UIApplicationSupportsIndirectInputEvents = YES;
				INFOPLIST_KEY_UILaunchStoryboardName = LaunchScreen;
				INFOPLIST_KEY_UIMainStoryboardFile = Main;
				INFOPLIST_KEY_UISupportedInterfaceOrientations_iPad = "UIInterfaceOrientationPortrait UIInterfaceOrientationPortraitUpsideDown UIInterfaceOrientationLandscapeLeft UIInterfaceOrientationLandscapeRight";
				INFOPLIST_KEY_UISupportedInterfaceOrientations_iPhone = "UIInterfaceOrientationPortrait UIInterfaceOrientationLandscapeLeft UIInterfaceOrientationLandscapeRight";
				IPHONEOS_DEPLOYMENT_TARGET = 15.0;
				LD_RUNPATH_SEARCH_PATHS = (
					"$(inherited)",
					"@executable_path/Frameworks",
				);
				MARKETING_VERSION = 1.0;
				PRODUCT_BUNDLE_IDENTIFIER = "roryellis.Visual-Money-Distribution";
				PRODUCT_NAME = "$(TARGET_NAME)";
				SWIFT_EMIT_LOC_STRINGS = YES;
				SWIFT_VERSION = 5.0;
				TARGETED_DEVICE_FAMILY = "1,2";
			};
			name = Debug;
		};
		5E1281A1280C47D500BE98CD /* Release */ = {
			isa = XCBuildConfiguration;
			baseConfigurationReference = A68B21173E57C523BC1DAE00 /* Pods-Visual_Money_Distribution.release.xcconfig */;
			buildSettings = {
				ASSETCATALOG_COMPILER_APPICON_NAME = AppIcon;
				ASSETCATALOG_COMPILER_GLOBAL_ACCENT_COLOR_NAME = AccentColor;
				CODE_SIGN_STYLE = Automatic;
				CURRENT_PROJECT_VERSION = 1;
				DEVELOPMENT_TEAM = JZJ4B737B6;
				GENERATE_INFOPLIST_FILE = YES;
				INFOPLIST_FILE = Visual_Money_Distribution/Info.plist;
				INFOPLIST_KEY_UIApplicationSupportsIndirectInputEvents = YES;
				INFOPLIST_KEY_UILaunchStoryboardName = LaunchScreen;
				INFOPLIST_KEY_UIMainStoryboardFile = Main;
				INFOPLIST_KEY_UISupportedInterfaceOrientations_iPad = "UIInterfaceOrientationPortrait UIInterfaceOrientationPortraitUpsideDown UIInterfaceOrientationLandscapeLeft UIInterfaceOrientationLandscapeRight";
				INFOPLIST_KEY_UISupportedInterfaceOrientations_iPhone = "UIInterfaceOrientationPortrait UIInterfaceOrientationLandscapeLeft UIInterfaceOrientationLandscapeRight";
				IPHONEOS_DEPLOYMENT_TARGET = 15.0;
				LD_RUNPATH_SEARCH_PATHS = (
					"$(inherited)",
					"@executable_path/Frameworks",
				);
				MARKETING_VERSION = 1.0;
				PRODUCT_BUNDLE_IDENTIFIER = "roryellis.Visual-Money-Distribution";
				PRODUCT_NAME = "$(TARGET_NAME)";
				SWIFT_EMIT_LOC_STRINGS = YES;
				SWIFT_VERSION = 5.0;
				TARGETED_DEVICE_FAMILY = "1,2";
			};
			name = Release;
		};
/* End XCBuildConfiguration section */

/* Begin XCConfigurationList section */
		5E128186280C47D400BE98CD /* Build configuration list for PBXProject "Visual_Money_Distribution" */ = {
			isa = XCConfigurationList;
			buildConfigurations = (
				5E12819D280C47D500BE98CD /* Debug */,
				5E12819E280C47D500BE98CD /* Release */,
			);
			defaultConfigurationIsVisible = 0;
			defaultConfigurationName = Release;
		};
		5E12819F280C47D500BE98CD /* Build configuration list for PBXNativeTarget "Visual_Money_Distribution" */ = {
			isa = XCConfigurationList;
			buildConfigurations = (
				5E1281A0280C47D500BE98CD /* Debug */,
				5E1281A1280C47D500BE98CD /* Release */,
			);
			defaultConfigurationIsVisible = 0;
			defaultConfigurationName = Release;
		};
/* End XCConfigurationList section */
	};
	rootObject = 5E128183280C47D400BE98CD /* Project object */;
}
